PODS:
  - app_links (6.4.1):
    - Flutter
  - Flutter (1.0.0)
  - flutter_dynamic_icon_plus (1.0.0):
    - Flutter
    - SwiftTryCatch
  - gal (1.0.0):
    - Flutter
    - FlutterMacOS
  - share_plus (0.0.1):
    - Flutter
  - shared_preferences_foundation (0.0.1):
    - Flutter
    - FlutterMacOS
  - SwiftTryCatch (1.0.0)
  - url_launcher_ios (0.0.1):
    - Flutter

DEPENDENCIES:
  - app_links (from `.symlinks/plugins/app_links/ios`)
  - Flutter (from `Flutter`)
  - flutter_dynamic_icon_plus (from `.symlinks/plugins/flutter_dynamic_icon_plus/ios`)
  - gal (from `.symlinks/plugins/gal/darwin`)
  - share_plus (from `.symlinks/plugins/share_plus/ios`)
  - shared_preferences_foundation (from `.symlinks/plugins/shared_preferences_foundation/darwin`)
  - SwiftTryCatch (from `local_pods/SwiftTryCatch`)
  - url_launcher_ios (from `.symlinks/plugins/url_launcher_ios/ios`)

EXTERNAL SOURCES:
  app_links:
    :path: ".symlinks/plugins/app_links/ios"
  Flutter:
    :path: Flutter
  flutter_dynamic_icon_plus:
    :path: ".symlinks/plugins/flutter_dynamic_icon_plus/ios"
  gal:
    :path: ".symlinks/plugins/gal/darwin"
  share_plus:
    :path: ".symlinks/plugins/share_plus/ios"
  shared_preferences_foundation:
    :path: ".symlinks/plugins/shared_preferences_foundation/darwin"
  SwiftTryCatch:
    :path: local_pods/SwiftTryCatch
  url_launcher_ios:
    :path: ".symlinks/plugins/url_launcher_ios/ios"

SPEC CHECKSUMS:
  app_links: 3dbc685f76b1693c66a6d9dd1e9ab6f73d97dc0a
  Flutter: cabc95a1d2626b1b06e7179b784ebcf0c0cde467
  flutter_dynamic_icon_plus: 3ddd12bc2316b98ffdd4048e9cdd3cf51e02095d
  gal: baecd024ebfd13c441269ca7404792a7152fde89
  share_plus: 50da8cb520a8f0f65671c6c6a99b3617ed10a58a
  shared_preferences_foundation: 7036424c3d8ec98dfe75ff1667cb0cd531ec82bb
  SwiftTryCatch: c6570b0e62cee60d5055451ac0a10c9978e65b83
  url_launcher_ios: 7a95fa5b60cc718a708b8f2966718e93db0cef1b

PODFILE CHECKSUM: 846dfba7b61b17576f456906f57bb0433f149c2e

COCOAPODS: 1.16.2
